
Microsoft Visual Studio Solution File, Format Version 12.00
# Visual Studio 15
VisualStudioVersion = 15.0.27130.2024
MinimumVisualStudioVersion = 10.0.40219.1
Project("{FAE04EC0-301F-11D3-BF4B-00C04F79EFBC}") = "FlickrSearch.Web", "FlickrSearch.Web\FlickrSearch.Web.csproj", "{4F166C8E-4DE5-4A2A-93D5-14BB5C29C357}"
EndProject
Project("{FAE04EC0-301F-11D3-BF4B-00C04F79EFBC}") = "flickrSearch.Test", "flickrSearch.Test\flickrSearch.Test.csproj", "{CC362A10-7DBA-4643-9795-66413C7AD54C}"
EndProject
Global
	GlobalSection(SolutionConfigurationPlatforms) = preSolution
		Debug|Any CPU = Debug|Any CPU
		Release|Any CPU = Release|Any CPU
	EndGlobalSection
	GlobalSection(ProjectConfigurationPlatforms) = postSolution
		{4F166C8E-4DE5-4A2A-93D5-14BB5C29C357}.Debug|Any CPU.ActiveCfg = Debug|Any CPU
		{4F166C8E-4DE5-4A2A-93D5-14BB5C29C357}.Debug|Any CPU.Build.0 = Debug|Any CPU
		{4F166C8E-4DE5-4A2A-93D5-14BB5C29C357}.Release|Any CPU.ActiveCfg = Release|Any CPU
		{4F166C8E-4DE5-4A2A-93D5-14BB5C29C357}.Release|Any CPU.Build.0 = Release|Any CPU
		{CC362A10-7DBA-4643-9795-66413C7AD54C}.Debug|Any CPU.ActiveCfg = Debug|Any CPU
		{CC362A10-7DBA-4643-9795-66413C7AD54C}.Debug|Any CPU.Build.0 = Debug|Any CPU
		{CC362A10-7DBA-4643-9795-66413C7AD54C}.Release|Any CPU.ActiveCfg = Release|Any CPU
		{CC362A10-7DBA-4643-9795-66413C7AD54C}.Release|Any CPU.Build.0 = Release|Any CPU
	EndGlobalSection
	GlobalSection(SolutionProperties) = preSolution
		HideSolutionNode = FALSE
	EndGlobalSection
	GlobalSection(ExtensibilityGlobals) = postSolution
		SolutionGuid = {034B86B7-FB49-4573-863F-587D39E7B916}
	EndGlobalSection
EndGlobal
